
Microsoft Visual Studio Solution File, Format Version 12.00
# Visual Studio Version 16
VisualStudioVersion = 16.0.30804.86
MinimumVisualStudioVersion = 10.0.40219.1
Project("{FAE04EC0-301F-11D3-BF4B-00C04F79EFBC}") = "UnigloShop", "UnigloShop\UnigloShop.csproj", "{A379E234-2D1B-4DA7-8387-A434639F343B}"
EndProject
Global
	GlobalSection(SolutionConfigurationPlatforms) = preSolution
		Debug|Any CPU = Debug|Any CPU
		Release|Any CPU = Release|Any CPU
	EndGlobalSection
	GlobalSection(ProjectConfigurationPlatforms) = postSolution
		{A379E234-2D1B-4DA7-8387-A434639F343B}.Debug|Any CPU.ActiveCfg = Debug|Any CPU
		{A379E234-2D1B-4DA7-8387-A434639F343B}.Debug|Any CPU.Build.0 = Debug|Any CPU
		{A379E234-2D1B-4DA7-8387-A434639F343B}.Release|Any CPU.ActiveCfg = Release|Any CPU
		{A379E234-2D1B-4DA7-8387-A434639F343B}.Release|Any CPU.Build.0 = Release|Any CPU
	EndGlobalSection
	GlobalSection(SolutionProperties) = preSolution
		HideSolutionNode = FALSE
	EndGlobalSection
	GlobalSection(ExtensibilityGlobals) = postSolution
		SolutionGuid = {CCC57E2D-3717-4C99-A669-22D13017B7BD}
	EndGlobalSection
EndGlobal
